// !$*UTF8*$!
{
	archiveVersion = 1;
	classes = {
	};
	objectVersion = 50;
	objects = {

/* Begin PBXBuildFile section */
		924C724620FDBB05007DCE47 /* AppDelegate.swift in Sources */ = {isa = PBXBuildFile; fileRef = 924C724520FDBB05007DCE47 /* AppDelegate.swift */; };
		924C724820FDBB05007DCE47 /* ViewController.swift in Sources */ = {isa = PBXBuildFile; fileRef = 924C724720FDBB05007DCE47 /* ViewController.swift */; };
		924C724B20FDBB05007DCE47 /* Main.storyboard in Resources */ = {isa = PBXBuildFile; fileRef = 924C724920FDBB05007DCE47 /* Main.storyboard */; };
		924C724E20FDBB05007DCE47 /* tempToSee.xcdatamodeld in Sources */ = {isa = PBXBuildFile; fileRef = 924C724C20FDBB05007DCE47 /* tempToSee.xcdatamodeld */; };
		924C725020FDBB06007DCE47 /* Assets.xcassets in Resources */ = {isa = PBXBuildFile; fileRef = 924C724F20FDBB06007DCE47 /* Assets.xcassets */; };
		924C725320FDBB06007DCE47 /* LaunchScreen.storyboard in Resources */ = {isa = PBXBuildFile; fileRef = 924C725120FDBB06007DCE47 /* LaunchScreen.storyboard */; };
/* End PBXBuildFile section */

/* Begin PBXFileReference section */
		924C724220FDBB05007DCE47 /* tempToSee.app */ = {isa = PBXFileReference; explicitFileType = wrapper.application; includeInIndex = 0; path = tempToSee.app; sourceTree = BUILT_PRODUCTS_DIR; };
		924C724520FDBB05007DCE47 /* AppDelegate.swift */ = {isa = PBXFileReference; lastKnownFileType = sourcecode.swift; path = AppDelegate.swift; sourceTree = "<group>"; };
		924C724720FDBB05007DCE47 /* ViewController.swift */ = {isa = PBXFileReference; lastKnownFileType = sourcecode.swift; path = ViewController.swift; sourceTree = "<group>"; };
		924C724A20FDBB05007DCE47 /* Base */ = {isa = PBXFileReference; lastKnownFileType = file.storyboard; name = Base; path = Base.lproj/Main.storyboard; sourceTree = "<group>"; };
		924C724D20FDBB05007DCE47 /* tempToSee.xcdatamodel */ = {isa = PBXFileReference; lastKnownFileType = wrapper.xcdatamodel; path = tempToSee.xcdatamodel; sourceTree = "<group>"; };
		924C724F20FDBB06007DCE47 /* Assets.xcassets */ = {isa = PBXFileReference; lastKnownFileType = folder.assetcatalog; path = Assets.xcassets; sourceTree = "<group>"; };
		924C725220FDBB06007DCE47 /* Base */ = {isa = PBXFileReference; lastKnownFileType = file.storyboard; name = Base; path = Base.lproj/LaunchScreen.storyboard; sourceTree = "<group>"; };
		924C725420FDBB06007DCE47 /* Info.plist */ = {isa = PBXFileReference; lastKnownFileType = text.plist.xml; path = Info.plist; sourceTree = "<group>"; };
/* End PBXFileReference section */

/* Begin PBXFrameworksBuildPhase section */
		924C723F20FDBB05007DCE47 /* Frameworks */ = {
			isa = PBXFrameworksBuildPhase;
			buildActionMask = 2147483647;
			files = (
			);
			runOnlyForDeploymentPostprocessing = 0;
		};
/* End PBXFrameworksBuildPhase section */

/* Begin PBXGroup section */
		924C723920FDBB05007DCE47 = {
			isa = PBXGroup;
			children = (
				924C724420FDBB05007DCE47 /* tempToSee */,
				924C724320FDBB05007DCE47 /* Products */,
			);
			sourceTree = "<group>";
		};
		924C724320FDBB05007DCE47 /* Products */ = {
			isa = PBXGroup;
			children = (
				924C724220FDBB05007DCE47 /* tempToSee.app */,
			);
			name = Products;
			sourceTree = "<group>";
		};
		924C724420FDBB05007DCE47 /* tempToSee */ = {
			isa = PBXGroup;
			children = (
				924C724520FDBB05007DCE47 /* AppDelegate.swift */,
				924C724720FDBB05007DCE47 /* ViewController.swift */,
				924C724920FDBB05007DCE47 /* Main.storyboard */,
				924C724F20FDBB06007DCE47 /* Assets.xcassets */,
				924C725120FDBB06007DCE47 /* LaunchScreen.storyboard */,
				924C725420FDBB06007DCE47 /* Info.plist */,
				924C724C20FDBB05007DCE47 /* tempToSee.xcdatamodeld */,
			);
			path = tempToSee;
			sourceTree = "<group>";
		};
/* End PBXGroup section */

/* Begin PBXNativeTarget section */
		924C724120FDBB05007DCE47 /* tempToSee */ = {
			isa = PBXNativeTarget;
			buildConfigurationList = 924C725720FDBB06007DCE47 /* Build configuration list for PBXNativeTarget "tempToSee" */;
			buildPhases = (
				924C723E20FDBB05007DCE47 /* Sources */,
				924C723F20FDBB05007DCE47 /* Frameworks */,
				924C724020FDBB05007DCE47 /* Resources */,
			);
			buildRules = (
			);
			dependencies = (
			);
			name = tempToSee;
			productName = tempToSee;
			productReference = 924C724220FDBB05007DCE47 /* tempToSee.app */;
			productType = "com.apple.product-type.application";
		};
/* End PBXNativeTarget section */

/* Begin PBXProject section */
		924C723A20FDBB05007DCE47 /* Project object */ = {
			isa = PBXProject;
			attributes = {
				LastSwiftUpdateCheck = 0940;
				LastUpgradeCheck = 0940;
				ORGANIZATIONNAME = "Connor Shilling";
				TargetAttributes = {
					924C724120FDBB05007DCE47 = {
						CreatedOnToolsVersion = 9.4.1;
					};
				};
			};
			buildConfigurationList = 924C723D20FDBB05007DCE47 /* Build configuration list for PBXProject "tempToSee" */;
			compatibilityVersion = "Xcode 9.3";
			developmentRegion = en;
			hasScannedForEncodings = 0;
			knownRegions = (
				en,
				Base,
			);
			mainGroup = 924C723920FDBB05007DCE47;
			productRefGroup = 924C724320FDBB05007DCE47 /* Products */;
			projectDirPath = "";
			projectRoot = "";
			targets = (
				924C724120FDBB05007DCE47 /* tempToSee */,
			);
		};
/* End PBXProject section */

/* Begin PBXResourcesBuildPhase section */
		924C724020FDBB05007DCE47 /* Resources */ = {
			isa = PBXResourcesBuildPhase;
			buildActionMask = 2147483647;
			files = (
				924C725320FDBB06007DCE47 /* LaunchScreen.storyboard in Resources */,
				924C725020FDBB06007DCE47 /* Assets.xcassets in Resources */,
				924C724B20FDBB05007DCE47 /* Main.storyboard in Resources */,
			);
			runOnlyForDeploymentPostprocessing = 0;
		};
/* End PBXResourcesBuildPhase section */

/* Begin PBXSourcesBuildPhase section */
		924C723E20FDBB05007DCE47 /* Sources */ = {
			isa = PBXSourcesBuildPhase;
			buildActionMask = 2147483647;
			files = (
				924C724820FDBB05007DCE47 /* ViewController.swift in Sources */,
				924C724620FDBB05007DCE47 /* AppDelegate.swift in Sources */,
				924C724E20FDBB05007DCE47 /* tempToSee.xcdatamodeld in Sources */,
			);
			runOnlyForDeploymentPostprocessing = 0;
		};
/* End PBXSourcesBuildPhase section */

/* Begin PBXVariantGroup section */
		924C724920FDBB05007DCE47 /* Main.storyboard */ = {
			isa = PBXVariantGroup;
			children = (
				924C724A20FDBB05007DCE47 /* Base */,
			);
			name = Main.storyboard;
			sourceTree = "<group>";
		};
		924C725120FDBB06007DCE47 /* LaunchScreen.storyboard */ = {
			isa = PBXVariantGroup;
			children = (
				924C725220FDBB06007DCE47 /* Base */,
			);
			name = LaunchScreen.storyboard;
			sourceTree = "<group>";
		};
/* End PBXVariantGroup section */

/* Begin XCBuildConfiguration section */
		924C725520FDBB06007DCE47 /* Debug */ = {
			isa = XCBuildConfiguration;
			buildSettings = {
				ALWAYS_SEARCH_USER_PATHS = NO;
				CLANG_ANALYZER_NONNULL = YES;
				CLANG_ANALYZER_NUMBER_OBJECT_CONVERSION = YES_AGGRESSIVE;
				CLANG_CXX_LANGUAGE_STANDARD = "gnu++14";
				CLANG_CXX_LIBRARY = "libc++";
				CLANG_ENABLE_MODULES = YES;
				CLANG_ENABLE_OBJC_ARC = YES;
				CLANG_ENABLE_OBJC_WEAK = YES;
				CLANG_WARN_BLOCK_CAPTURE_AUTORELEASING = YES;
				CLANG_WARN_BOOL_CONVERSION = YES;
				CLANG_WARN_COMMA = YES;
				CLANG_WARN_CONSTANT_CONVERSION = YES;
				CLANG_WARN_DEPRECATED_OBJC_IMPLEMENTATIONS = YES;
				CLANG_WARN_DIRECT_OBJC_ISA_USAGE = YES_ERROR;
				CLANG_WARN_DOCUMENTATION_COMMENTS = YES;
				CLANG_WARN_EMPTY_BODY = YES;
				CLANG_WARN_ENUM_CONVERSION = YES;
				CLANG_WARN_INFINITE_RECURSION = YES;
				CLANG_WARN_INT_CONVERSION = YES;
				CLANG_WARN_NON_LITERAL_NULL_CONVERSION = YES;
				CLANG_WARN_OBJC_IMPLICIT_RETAIN_SELF = YES;
				CLANG_WARN_OBJC_LITERAL_CONVERSION = YES;
				CLANG_WARN_OBJC_ROOT_CLASS = YES_ERROR;
				CLANG_WARN_RANGE_LOOP_ANALYSIS = YES;
				CLANG_WARN_STRICT_PROTOTYPES = YES;
				CLANG_WARN_SUSPICIOUS_MOVE = YES;
				CLANG_WARN_UNGUARDED_AVAILABILITY = YES_AGGRESSIVE;
				CLANG_WARN_UNREACHABLE_CODE = YES;
				CLANG_WARN__DUPLICATE_METHOD_MATCH = YES;
				CODE_SIGN_IDENTITY = "iPhone Developer";
				COPY_PHASE_STRIP = NO;
				DEBUG_INFORMATION_FORMAT = dwarf;
				ENABLE_STRICT_OBJC_MSGSEND = YES;
				ENABLE_TESTABILITY = YES;
				GCC_C_LANGUAGE_STANDARD = gnu11;
				GCC_DYNAMIC_NO_PIC = NO;
				GCC_NO_COMMON_BLOCKS = YES;
				GCC_OPTIMIZATION_LEVEL = 0;
				GCC_PREPROCESSOR_DEFINITIONS = (
					"DEBUG=1",
					"$(inherited)",
				);
				GCC_WARN_64_TO_32_BIT_CONVERSION = YES;
				GCC_WARN_ABOUT_RETURN_TYPE = YES_ERROR;
				GCC_WARN_UNDECLARED_SELECTOR = YES;
				GCC_WARN_UNINITIALIZED_AUTOS = YES_AGGRESSIVE;
				GCC_WARN_UNUSED_FUNCTION = YES;
				GCC_WARN_UNUSED_VARIABLE = YES;
				IPHONEOS_DEPLOYMENT_TARGET = 11.4;
				MTL_ENABLE_DEBUG_INFO = YES;
				ONLY_ACTIVE_ARCH = YES;
				SDKROOT = iphoneos;
				SWIFT_ACTIVE_COMPILATION_CONDITIONS = DEBUG;
				SWIFT_OPTIMIZATION_LEVEL = "-Onone";
			};
			name = Debug;
		};
		924C725620FDBB06007DCE47 /* Release */ = {
			isa = XCBuildConfiguration;
			buildSettings = {
				ALWAYS_SEARCH_USER_PATHS = NO;
				CLANG_ANALYZER_NONNULL = YES;
				CLANG_ANALYZER_NUMBER_OBJECT_CONVERSION = YES_AGGRESSIVE;
				CLANG_CXX_LANGUAGE_STANDARD = "gnu++14";
				CLANG_CXX_LIBRARY = "libc++";
				CLANG_ENABLE_MODULES = YES;
				CLANG_ENABLE_OBJC_ARC = YES;
				CLANG_ENABLE_OBJC_WEAK = YES;
				CLANG_WARN_BLOCK_CAPTURE_AUTORELEASING = YES;
				CLANG_WARN_BOOL_CONVERSION = YES;
				CLANG_WARN_COMMA = YES;
				CLANG_WARN_CONSTANT_CONVERSION = YES;
				CLANG_WARN_DEPRECATED_OBJC_IMPLEMENTATIONS = YES;
				CLANG_WARN_DIRECT_OBJC_ISA_USAGE = YES_ERROR;
				CLANG_WARN_DOCUMENTATION_COMMENTS = YES;
				CLANG_WARN_EMPTY_BODY = YES;
				CLANG_WARN_ENUM_CONVERSION = YES;
				CLANG_WARN_INFINITE_RECURSION = YES;
				CLANG_WARN_INT_CONVERSION = YES;
				CLANG_WARN_NON_LITERAL_NULL_CONVERSION = YES;
				CLANG_WARN_OBJC_IMPLICIT_RETAIN_SELF = YES;
				CLANG_WARN_OBJC_LITERAL_CONVERSION = YES;
				CLANG_WARN_OBJC_ROOT_CLASS = YES_ERROR;
				CLANG_WARN_RANGE_LOOP_ANALYSIS = YES;
				CLANG_WARN_STRICT_PROTOTYPES = YES;
				CLANG_WARN_SUSPICIOUS_MOVE = YES;
				CLANG_WARN_UNGUARDED_AVAILABILITY = YES_AGGRESSIVE;
				CLANG_WARN_UNREACHABLE_CODE = YES;
				CLANG_WARN__DUPLICATE_METHOD_MATCH = YES;
				CODE_SIGN_IDENTITY = "iPhone Developer";
				COPY_PHASE_STRIP = NO;
				DEBUG_INFORMATION_FORMAT = "dwarf-with-dsym";
				ENABLE_NS_ASSERTIONS = NO;
				ENABLE_STRICT_OBJC_MSGSEND = YES;
				GCC_C_LANGUAGE_STANDARD = gnu11;
				GCC_NO_COMMON_BLOCKS = YES;
				GCC_WARN_64_TO_32_BIT_CONVERSION = YES;
				GCC_WARN_ABOUT_RETURN_TYPE = YES_ERROR;
				GCC_WARN_UNDECLARED_SELECTOR = YES;
				GCC_WARN_UNINITIALIZED_AUTOS = YES_AGGRESSIVE;
				GCC_WARN_UNUSED_FUNCTION = YES;
				GCC_WARN_UNUSED_VARIABLE = YES;
				IPHONEOS_DEPLOYMENT_TARGET = 11.4;
				MTL_ENABLE_DEBUG_INFO = NO;
				SDKROOT = iphoneos;
				SWIFT_COMPILATION_MODE = wholemodule;
				SWIFT_OPTIMIZATION_LEVEL = "-O";
				VALIDATE_PRODUCT = YES;
			};
			name = Release;
		};
		924C725820FDBB06007DCE47 /* Debug */ = {
			isa = XCBuildConfiguration;
			buildSettings = {
				ASSETCATALOG_COMPILER_APPICON_NAME = AppIcon;
				CODE_SIGN_STYLE = Automatic;
				DEVELOPMENT_TEAM = 56AH492HJ8;
				INFOPLIST_FILE = tempToSee/Info.plist;
				LD_RUNPATH_SEARCH_PATHS = (
					"$(inherited)",
					"@executable_path/Frameworks",
				);
				PRODUCT_BUNDLE_IDENTIFIER = OpenTapL.tempToSee;
				PRODUCT_NAME = "$(TARGET_NAME)";
				SWIFT_VERSION = 4.0;
				TARGETED_DEVICE_FAMILY = "1,2";
			};
			name = Debug;
		};
		924C725920FDBB06007DCE47 /* Release */ = {
			isa = XCBuildConfiguration;
			buildSettings = {
				ASSETCATALOG_COMPILER_APPICON_NAME = AppIcon;
				CODE_SIGN_STYLE = Automatic;
				DEVELOPMENT_TEAM = 56AH492HJ8;
				INFOPLIST_FILE = tempToSee/Info.plist;
				LD_RUNPATH_SEARCH_PATHS = (
					"$(inherited)",
					"@executable_path/Frameworks",
				);
				PRODUCT_BUNDLE_IDENTIFIER = OpenTapL.tempToSee;
				PRODUCT_NAME = "$(TARGET_NAME)";
				SWIFT_VERSION = 4.0;
				TARGETED_DEVICE_FAMILY = "1,2";
			};
			name = Release;
		};
/* End XCBuildConfiguration section */

/* Begin XCConfigurationList section */
		924C723D20FDBB05007DCE47 /* Build configuration list for PBXProject "tempToSee" */ = {
			isa = XCConfigurationList;
			buildConfigurations = (
				924C725520FDBB06007DCE47 /* Debug */,
				924C725620FDBB06007DCE47 /* Release */,
			);
			defaultConfigurationIsVisible = 0;
			defaultConfigurationName = Release;
		};
		924C725720FDBB06007DCE47 /* Build configuration list for PBXNativeTarget "tempToSee" */ = {
			isa = XCConfigurationList;
			buildConfigurations = (
				924C725820FDBB06007DCE47 /* Debug */,
				924C725920FDBB06007DCE47 /* Release */,
			);
			defaultConfigurationIsVisible = 0;
			defaultConfigurationName = Release;
		};
/* End XCConfigurationList section */

/* Begin XCVersionGroup section */
		924C724C20FDBB05007DCE47 /* tempToSee.xcdatamodeld */ = {
			isa = XCVersionGroup;
			children = (
				924C724D20FDBB05007DCE47 /* tempToSee.xcdatamodel */,
			);
			currentVersion = 924C724D20FDBB05007DCE47 /* tempToSee.xcdatamodel */;
			path = tempToSee.xcdatamodeld;
			sourceTree = "<group>";
			versionGroupType = wrapper.xcdatamodel;
		};
/* End XCVersionGroup section */
	};
	rootObject = 924C723A20FDBB05007DCE47 /* Project object */;
}
